// !$*UTF8*$!
{
	archiveVersion = 1;
	classes = {
	};
	objectVersion = 50;
	objects = {

/* Begin PBXBuildFile section */
		DB21031821381C83009939F4 /* AppDelegate.swift in Sources */ = {isa = PBXBuildFile; fileRef = DB21031721381C83009939F4 /* AppDelegate.swift */; };
		DB21031F21381C89009939F4 /* Assets.xcassets in Resources */ = {isa = PBXBuildFile; fileRef = DB21031E21381C89009939F4 /* Assets.xcassets */; };
		DB21033D21381E5C009939F4 /* MessagesController.swift in Sources */ = {isa = PBXBuildFile; fileRef = DB21033A21381E5C009939F4 /* MessagesController.swift */; };
		DB21033E21381E5C009939F4 /* ChatLogController.swift in Sources */ = {isa = PBXBuildFile; fileRef = DB21033B21381E5C009939F4 /* ChatLogController.swift */; };
		DB21034821381E77009939F4 /* RandomModel.swift in Sources */ = {isa = PBXBuildFile; fileRef = DB21034521381E76009939F4 /* RandomModel.swift */; };
		DB21034D21381E98009939F4 /* MessageViewModel.swift in Sources */ = {isa = PBXBuildFile; fileRef = DB21034B21381E98009939F4 /* MessageViewModel.swift */; };
		DB21034E21381E98009939F4 /* UserViewModel.swift in Sources */ = {isa = PBXBuildFile; fileRef = DB21034C21381E98009939F4 /* UserViewModel.swift */; };
		DB21035321381EA5009939F4 /* MessageCell.swift in Sources */ = {isa = PBXBuildFile; fileRef = DB21034F21381EA5009939F4 /* MessageCell.swift */; };
		DB21035421381EA5009939F4 /* UserCell.swift in Sources */ = {isa = PBXBuildFile; fileRef = DB21035021381EA5009939F4 /* UserCell.swift */; };
		DB21035521381EA5009939F4 /* NavigationBarView.swift in Sources */ = {isa = PBXBuildFile; fileRef = DB21035121381EA5009939F4 /* NavigationBarView.swift */; };
		DB21035621381EA5009939F4 /* InputAccessoryView.swift in Sources */ = {isa = PBXBuildFile; fileRef = DB21035221381EA5009939F4 /* InputAccessoryView.swift */; };
		DB7E4E48217720AF009658B3 /* HTTPMethod.swift in Sources */ = {isa = PBXBuildFile; fileRef = DB7E4E34217720AF009658B3 /* HTTPMethod.swift */; };
		DB7E4E49217720AF009658B3 /* HTTPResponse.swift in Sources */ = {isa = PBXBuildFile; fileRef = DB7E4E36217720AF009658B3 /* HTTPResponse.swift */; };
		DB7E4E4A217720AF009658B3 /* HTTPError.swift in Sources */ = {isa = PBXBuildFile; fileRef = DB7E4E37217720AF009658B3 /* HTTPError.swift */; };
		DB7E4E4B217720AF009658B3 /* NetworkLoggable.swift in Sources */ = {isa = PBXBuildFile; fileRef = DB7E4E39217720AF009658B3 /* NetworkLoggable.swift */; };
		DB7E4E4C217720AF009658B3 /* NetworkProtocols.swift in Sources */ = {isa = PBXBuildFile; fileRef = DB7E4E3A217720AF009658B3 /* NetworkProtocols.swift */; };
		DB7E4E4D217720AF009658B3 /* Network.swift in Sources */ = {isa = PBXBuildFile; fileRef = DB7E4E3B217720AF009658B3 /* Network.swift */; };
		DB7E4E4E217720AF009658B3 /* NetworkComputable.swift in Sources */ = {isa = PBXBuildFile; fileRef = DB7E4E3C217720AF009658B3 /* NetworkComputable.swift */; };
		DB7E4E4F217720AF009658B3 /* NetworkEnvironments.swift in Sources */ = {isa = PBXBuildFile; fileRef = DB7E4E3D217720AF009658B3 /* NetworkEnvironments.swift */; };
		DB7E4E50217720AF009658B3 /* CodableExtensions.swift in Sources */ = {isa = PBXBuildFile; fileRef = DB7E4E3F217720AF009658B3 /* CodableExtensions.swift */; };
		DB7E4E51217720AF009658B3 /* URLExtensions.swift in Sources */ = {isa = PBXBuildFile; fileRef = DB7E4E40217720AF009658B3 /* URLExtensions.swift */; };
		DB7E4E52217720AF009658B3 /* UIImageExtensions.swift in Sources */ = {isa = PBXBuildFile; fileRef = DB7E4E41217720AF009658B3 /* UIImageExtensions.swift */; };
		DB7E4E53217720AF009658B3 /* APIURLRequestComputable.swift in Sources */ = {isa = PBXBuildFile; fileRef = DB7E4E43217720AF009658B3 /* APIURLRequestComputable.swift */; };
		DB7E4E54217720AF009658B3 /* APIURLComputable.swift in Sources */ = {isa = PBXBuildFile; fileRef = DB7E4E44217720AF009658B3 /* APIURLComputable.swift */; };
		DB7E4E55217720AF009658B3 /* API.swift in Sources */ = {isa = PBXBuildFile; fileRef = DB7E4E45217720AF009658B3 /* API.swift */; };
		DB7E4E56217720AF009658B3 /* APIResponseDecodable.swift in Sources */ = {isa = PBXBuildFile; fileRef = DB7E4E46217720AF009658B3 /* APIResponseDecodable.swift */; };
		DB7E4E57217720AF009658B3 /* APIProtocols.swift in Sources */ = {isa = PBXBuildFile; fileRef = DB7E4E47217720AF009658B3 /* APIProtocols.swift */; };
		DB7E4E6021784E61009658B3 /* UIEdgeInsetsExtension.swift in Sources */ = {isa = PBXBuildFile; fileRef = DB7E4E5921784E61009658B3 /* UIEdgeInsetsExtension.swift */; };
		DB7E4E6121784E61009658B3 /* LayoutAnchors.swift in Sources */ = {isa = PBXBuildFile; fileRef = DB7E4E5A21784E61009658B3 /* LayoutAnchors.swift */; };
		DB7E4E6221784E61009658B3 /* CGSizeExtension.swift in Sources */ = {isa = PBXBuildFile; fileRef = DB7E4E5B21784E61009658B3 /* CGSizeExtension.swift */; };
		DB7E4E6321784E61009658B3 /* LayoutProperty.swift in Sources */ = {isa = PBXBuildFile; fileRef = DB7E4E5C21784E61009658B3 /* LayoutProperty.swift */; };
		DB7E4E6421784E61009658B3 /* LayoutAnchor.swift in Sources */ = {isa = PBXBuildFile; fileRef = DB7E4E5D21784E61009658B3 /* LayoutAnchor.swift */; };
		DB7E4E6521784E61009658B3 /* ViewConvinenceMethods.swift in Sources */ = {isa = PBXBuildFile; fileRef = DB7E4E5E21784E61009658B3 /* ViewConvinenceMethods.swift */; };
		DB7E4E6621784E61009658B3 /* UIViewExtensions.swift in Sources */ = {isa = PBXBuildFile; fileRef = DB7E4E5F21784E61009658B3 /* UIViewExtensions.swift */; };
		DBBAF6AF2146339300350247 /* DateExtensions.swift in Sources */ = {isa = PBXBuildFile; fileRef = DBBAF6AE2146339300350247 /* DateExtensions.swift */; };
		DBC78FA7213E6B0200FA1D54 /* ChatLogHeaderView.swift in Sources */ = {isa = PBXBuildFile; fileRef = DBC78FA6213E6B0200FA1D54 /* ChatLogHeaderView.swift */; };
		DBC78FAA213EF7D100FA1D54 /* InputAccessoryViewDelegate.swift in Sources */ = {isa = PBXBuildFile; fileRef = DBC78FA9213EF7D100FA1D54 /* InputAccessoryViewDelegate.swift */; };
		DBC78FC6214197FB00FA1D54 /* ThemeManager.swift in Sources */ = {isa = PBXBuildFile; fileRef = DBC78FC5214197FB00FA1D54 /* ThemeManager.swift */; };
		DBC78FC82141984B00FA1D54 /* UIColorExtension.swift in Sources */ = {isa = PBXBuildFile; fileRef = DBC78FC72141984B00FA1D54 /* UIColorExtension.swift */; };
		DBC78FCA214199F800FA1D54 /* Themes.swift in Sources */ = {isa = PBXBuildFile; fileRef = DBC78FC9214199F800FA1D54 /* Themes.swift */; };
		DBF82213215E557C0019392F /* SplitViewController.swift in Sources */ = {isa = PBXBuildFile; fileRef = DBF82212215E557C0019392F /* SplitViewController.swift */; };
/* End PBXBuildFile section */

/* Begin PBXFileReference section */
		DB21031421381C83009939F4 /* ChatTemplate.app */ = {isa = PBXFileReference; explicitFileType = wrapper.application; includeInIndex = 0; path = ChatTemplate.app; sourceTree = BUILT_PRODUCTS_DIR; };
		DB21031721381C83009939F4 /* AppDelegate.swift */ = {isa = PBXFileReference; lastKnownFileType = sourcecode.swift; path = AppDelegate.swift; sourceTree = "<group>"; };
		DB21031E21381C89009939F4 /* Assets.xcassets */ = {isa = PBXFileReference; lastKnownFileType = folder.assetcatalog; path = Assets.xcassets; sourceTree = "<group>"; };
		DB21032321381C89009939F4 /* Info.plist */ = {isa = PBXFileReference; lastKnownFileType = text.plist.xml; path = Info.plist; sourceTree = "<group>"; };
		DB21033A21381E5C009939F4 /* MessagesController.swift */ = {isa = PBXFileReference; fileEncoding = 4; lastKnownFileType = sourcecode.swift; path = MessagesController.swift; sourceTree = "<group>"; };
		DB21033B21381E5C009939F4 /* ChatLogController.swift */ = {isa = PBXFileReference; fileEncoding = 4; lastKnownFileType = sourcecode.swift; path = ChatLogController.swift; sourceTree = "<group>"; };
		DB21034521381E76009939F4 /* RandomModel.swift */ = {isa = PBXFileReference; fileEncoding = 4; lastKnownFileType = sourcecode.swift; path = RandomModel.swift; sourceTree = "<group>"; };
		DB21034B21381E98009939F4 /* MessageViewModel.swift */ = {isa = PBXFileReference; fileEncoding = 4; lastKnownFileType = sourcecode.swift; path = MessageViewModel.swift; sourceTree = "<group>"; };
		DB21034C21381E98009939F4 /* UserViewModel.swift */ = {isa = PBXFileReference; fileEncoding = 4; lastKnownFileType = sourcecode.swift; path = UserViewModel.swift; sourceTree = "<group>"; };
		DB21034F21381EA5009939F4 /* MessageCell.swift */ = {isa = PBXFileReference; fileEncoding = 4; lastKnownFileType = sourcecode.swift; path = MessageCell.swift; sourceTree = "<group>"; };
		DB21035021381EA5009939F4 /* UserCell.swift */ = {isa = PBXFileReference; fileEncoding = 4; lastKnownFileType = sourcecode.swift; path = UserCell.swift; sourceTree = "<group>"; };
		DB21035121381EA5009939F4 /* NavigationBarView.swift */ = {isa = PBXFileReference; fileEncoding = 4; lastKnownFileType = sourcecode.swift; path = NavigationBarView.swift; sourceTree = "<group>"; };
		DB21035221381EA5009939F4 /* InputAccessoryView.swift */ = {isa = PBXFileReference; fileEncoding = 4; lastKnownFileType = sourcecode.swift; path = InputAccessoryView.swift; sourceTree = "<group>"; };
		DB7E4E34217720AF009658B3 /* HTTPMethod.swift */ = {isa = PBXFileReference; fileEncoding = 4; lastKnownFileType = sourcecode.swift; path = HTTPMethod.swift; sourceTree = "<group>"; };
		DB7E4E36217720AF009658B3 /* HTTPResponse.swift */ = {isa = PBXFileReference; fileEncoding = 4; lastKnownFileType = sourcecode.swift; path = HTTPResponse.swift; sourceTree = "<group>"; };
		DB7E4E37217720AF009658B3 /* HTTPError.swift */ = {isa = PBXFileReference; fileEncoding = 4; lastKnownFileType = sourcecode.swift; path = HTTPError.swift; sourceTree = "<group>"; };
		DB7E4E39217720AF009658B3 /* NetworkLoggable.swift */ = {isa = PBXFileReference; fileEncoding = 4; lastKnownFileType = sourcecode.swift; path = NetworkLoggable.swift; sourceTree = "<group>"; };
		DB7E4E3A217720AF009658B3 /* NetworkProtocols.swift */ = {isa = PBXFileReference; fileEncoding = 4; lastKnownFileType = sourcecode.swift; path = NetworkProtocols.swift; sourceTree = "<group>"; };
		DB7E4E3B217720AF009658B3 /* Network.swift */ = {isa = PBXFileReference; fileEncoding = 4; lastKnownFileType = sourcecode.swift; path = Network.swift; sourceTree = "<group>"; };
		DB7E4E3C217720AF009658B3 /* NetworkComputable.swift */ = {isa = PBXFileReference; fileEncoding = 4; lastKnownFileType = sourcecode.swift; path = NetworkComputable.swift; sourceTree = "<group>"; };
		DB7E4E3D217720AF009658B3 /* NetworkEnvironments.swift */ = {isa = PBXFileReference; fileEncoding = 4; lastKnownFileType = sourcecode.swift; path = NetworkEnvironments.swift; sourceTree = "<group>"; };
		DB7E4E3F217720AF009658B3 /* CodableExtensions.swift */ = {isa = PBXFileReference; fileEncoding = 4; lastKnownFileType = sourcecode.swift; path = CodableExtensions.swift; sourceTree = "<group>"; };
		DB7E4E40217720AF009658B3 /* URLExtensions.swift */ = {isa = PBXFileReference; fileEncoding = 4; lastKnownFileType = sourcecode.swift; path = URLExtensions.swift; sourceTree = "<group>"; };
		DB7E4E41217720AF009658B3 /* UIImageExtensions.swift */ = {isa = PBXFileReference; fileEncoding = 4; lastKnownFileType = sourcecode.swift; path = UIImageExtensions.swift; sourceTree = "<group>"; };
		DB7E4E43217720AF009658B3 /* APIURLRequestComputable.swift */ = {isa = PBXFileReference; fileEncoding = 4; lastKnownFileType = sourcecode.swift; path = APIURLRequestComputable.swift; sourceTree = "<group>"; };
		DB7E4E44217720AF009658B3 /* APIURLComputable.swift */ = {isa = PBXFileReference; fileEncoding = 4; lastKnownFileType = sourcecode.swift; path = APIURLComputable.swift; sourceTree = "<group>"; };
		DB7E4E45217720AF009658B3 /* API.swift */ = {isa = PBXFileReference; fileEncoding = 4; lastKnownFileType = sourcecode.swift; path = API.swift; sourceTree = "<group>"; };
		DB7E4E46217720AF009658B3 /* APIResponseDecodable.swift */ = {isa = PBXFileReference; fileEncoding = 4; lastKnownFileType = sourcecode.swift; path = APIResponseDecodable.swift; sourceTree = "<group>"; };
		DB7E4E47217720AF009658B3 /* APIProtocols.swift */ = {isa = PBXFileReference; fileEncoding = 4; lastKnownFileType = sourcecode.swift; path = APIProtocols.swift; sourceTree = "<group>"; };
		DB7E4E5921784E61009658B3 /* UIEdgeInsetsExtension.swift */ = {isa = PBXFileReference; fileEncoding = 4; lastKnownFileType = sourcecode.swift; path = UIEdgeInsetsExtension.swift; sourceTree = "<group>"; };
		DB7E4E5A21784E61009658B3 /* LayoutAnchors.swift */ = {isa = PBXFileReference; fileEncoding = 4; lastKnownFileType = sourcecode.swift; path = LayoutAnchors.swift; sourceTree = "<group>"; };
		DB7E4E5B21784E61009658B3 /* CGSizeExtension.swift */ = {isa = PBXFileReference; fileEncoding = 4; lastKnownFileType = sourcecode.swift; path = CGSizeExtension.swift; sourceTree = "<group>"; };
		DB7E4E5C21784E61009658B3 /* LayoutProperty.swift */ = {isa = PBXFileReference; fileEncoding = 4; lastKnownFileType = sourcecode.swift; path = LayoutProperty.swift; sourceTree = "<group>"; };
		DB7E4E5D21784E61009658B3 /* LayoutAnchor.swift */ = {isa = PBXFileReference; fileEncoding = 4; lastKnownFileType = sourcecode.swift; path = LayoutAnchor.swift; sourceTree = "<group>"; };
		DB7E4E5E21784E61009658B3 /* ViewConvinenceMethods.swift */ = {isa = PBXFileReference; fileEncoding = 4; lastKnownFileType = sourcecode.swift; path = ViewConvinenceMethods.swift; sourceTree = "<group>"; };
		DB7E4E5F21784E61009658B3 /* UIViewExtensions.swift */ = {isa = PBXFileReference; fileEncoding = 4; lastKnownFileType = sourcecode.swift; path = UIViewExtensions.swift; sourceTree = "<group>"; };
		DBBAF6AE2146339300350247 /* DateExtensions.swift */ = {isa = PBXFileReference; lastKnownFileType = sourcecode.swift; path = DateExtensions.swift; sourceTree = "<group>"; };
		DBC78FA6213E6B0200FA1D54 /* ChatLogHeaderView.swift */ = {isa = PBXFileReference; lastKnownFileType = sourcecode.swift; path = ChatLogHeaderView.swift; sourceTree = "<group>"; };
		DBC78FA9213EF7D100FA1D54 /* InputAccessoryViewDelegate.swift */ = {isa = PBXFileReference; lastKnownFileType = sourcecode.swift; path = InputAccessoryViewDelegate.swift; sourceTree = "<group>"; };
		DBC78FC5214197FB00FA1D54 /* ThemeManager.swift */ = {isa = PBXFileReference; lastKnownFileType = sourcecode.swift; path = ThemeManager.swift; sourceTree = "<group>"; };
		DBC78FC72141984B00FA1D54 /* UIColorExtension.swift */ = {isa = PBXFileReference; lastKnownFileType = sourcecode.swift; path = UIColorExtension.swift; sourceTree = "<group>"; };
		DBC78FC9214199F800FA1D54 /* Themes.swift */ = {isa = PBXFileReference; lastKnownFileType = sourcecode.swift; path = Themes.swift; sourceTree = "<group>"; };
		DBF82212215E557C0019392F /* SplitViewController.swift */ = {isa = PBXFileReference; lastKnownFileType = sourcecode.swift; path = SplitViewController.swift; sourceTree = "<group>"; };
/* End PBXFileReference section */

/* Begin PBXFrameworksBuildPhase section */
		DB21031121381C83009939F4 /* Frameworks */ = {
			isa = PBXFrameworksBuildPhase;
			buildActionMask = 2147483647;
			files = (
			);
			runOnlyForDeploymentPostprocessing = 0;
		};
/* End PBXFrameworksBuildPhase section */

/* Begin PBXGroup section */
		DB21030B21381C83009939F4 = {
			isa = PBXGroup;
			children = (
				DB21031621381C83009939F4 /* ChatTemplate */,
				DB21031521381C83009939F4 /* Products */,
			);
			sourceTree = "<group>";
		};
		DB21031521381C83009939F4 /* Products */ = {
			isa = PBXGroup;
			children = (
				DB21031421381C83009939F4 /* ChatTemplate.app */,
			);
			name = Products;
			sourceTree = "<group>";
		};
		DB21031621381C83009939F4 /* ChatTemplate */ = {
			isa = PBXGroup;
			children = (
				DB7E4E5821784E61009658B3 /* Auto Layout Manager */,
				DB7E4E32217720AF009658B3 /* Network Manager */,
				DB21032A21381CEB009939F4 /* Singletons */,
				DBBAF6B02146373000350247 /* Chat Module */,
				DBC78FC4214197DB00FA1D54 /* Theme Manager */,
				DB21032921381CBB009939F4 /* Supporting FIles */,
			);
			path = ChatTemplate;
			sourceTree = "<group>";
		};
		DB21032921381CBB009939F4 /* Supporting FIles */ = {
			isa = PBXGroup;
			children = (
				DB21031E21381C89009939F4 /* Assets.xcassets */,
				DB21032321381C89009939F4 /* Info.plist */,
			);
			path = "Supporting FIles";
			sourceTree = "<group>";
		};
		DB21032A21381CEB009939F4 /* Singletons */ = {
			isa = PBXGroup;
			children = (
				DB21031721381C83009939F4 /* AppDelegate.swift */,
			);
			path = Singletons;
			sourceTree = "<group>";
		};
		DB21033421381DF7009939F4 /* Models */ = {
			isa = PBXGroup;
			children = (
				DB21034521381E76009939F4 /* RandomModel.swift */,
			);
			path = Models;
			sourceTree = "<group>";
		};
		DB21033621381E34009939F4 /* Views */ = {
			isa = PBXGroup;
			children = (
				DB21035021381EA5009939F4 /* UserCell.swift */,
				DB21034F21381EA5009939F4 /* MessageCell.swift */,
				DBC78FA6213E6B0200FA1D54 /* ChatLogHeaderView.swift */,
				DB21035121381EA5009939F4 /* NavigationBarView.swift */,
				DB21035221381EA5009939F4 /* InputAccessoryView.swift */,
			);
			path = Views;
			sourceTree = "<group>";
		};
		DB21033721381E3E009939F4 /* ViewModels */ = {
			isa = PBXGroup;
			children = (
				DB21034C21381E98009939F4 /* UserViewModel.swift */,
				DB21034B21381E98009939F4 /* MessageViewModel.swift */,
			);
			path = ViewModels;
			sourceTree = "<group>";
		};
		DB21033821381E46009939F4 /* Controllers */ = {
			isa = PBXGroup;
			children = (
				DBF82212215E557C0019392F /* SplitViewController.swift */,
				DB21033A21381E5C009939F4 /* MessagesController.swift */,
				DB21033B21381E5C009939F4 /* ChatLogController.swift */,
			);
			path = Controllers;
			sourceTree = "<group>";
		};
		DB7E4E32217720AF009658B3 /* Network Manager */ = {
			isa = PBXGroup;
			children = (
				DB7E4E33217720AF009658B3 /* Methods */,
				DB7E4E35217720AF009658B3 /* Response */,
				DB7E4E38217720AF009658B3 /* Networking */,
				DB7E4E3E217720AF009658B3 /* Extensions */,
				DB7E4E42217720AF009658B3 /* API */,
			);
			path = "Network Manager";
			sourceTree = "<group>";
		};
		DB7E4E33217720AF009658B3 /* Methods */ = {
			isa = PBXGroup;
			children = (
				DB7E4E34217720AF009658B3 /* HTTPMethod.swift */,
			);
			path = Methods;
			sourceTree = "<group>";
		};
		DB7E4E35217720AF009658B3 /* Response */ = {
			isa = PBXGroup;
			children = (
				DB7E4E36217720AF009658B3 /* HTTPResponse.swift */,
				DB7E4E37217720AF009658B3 /* HTTPError.swift */,
			);
			path = Response;
			sourceTree = "<group>";
		};
		DB7E4E38217720AF009658B3 /* Networking */ = {
			isa = PBXGroup;
			children = (
				DB7E4E39217720AF009658B3 /* NetworkLoggable.swift */,
				DB7E4E3A217720AF009658B3 /* NetworkProtocols.swift */,
				DB7E4E3B217720AF009658B3 /* Network.swift */,
				DB7E4E3C217720AF009658B3 /* NetworkComputable.swift */,
				DB7E4E3D217720AF009658B3 /* NetworkEnvironments.swift */,
			);
			path = Networking;
			sourceTree = "<group>";
		};
		DB7E4E3E217720AF009658B3 /* Extensions */ = {
			isa = PBXGroup;
			children = (
				DB7E4E3F217720AF009658B3 /* CodableExtensions.swift */,
				DB7E4E40217720AF009658B3 /* URLExtensions.swift */,
				DB7E4E41217720AF009658B3 /* UIImageExtensions.swift */,
			);
			path = Extensions;
			sourceTree = "<group>";
		};
		DB7E4E42217720AF009658B3 /* API */ = {
			isa = PBXGroup;
			children = (
				DB7E4E43217720AF009658B3 /* APIURLRequestComputable.swift */,
				DB7E4E44217720AF009658B3 /* APIURLComputable.swift */,
				DB7E4E45217720AF009658B3 /* API.swift */,
				DB7E4E46217720AF009658B3 /* APIResponseDecodable.swift */,
				DB7E4E47217720AF009658B3 /* APIProtocols.swift */,
			);
			path = API;
			sourceTree = "<group>";
		};
		DB7E4E5821784E61009658B3 /* Auto Layout Manager */ = {
			isa = PBXGroup;
			children = (
				DB7E4E5921784E61009658B3 /* UIEdgeInsetsExtension.swift */,
				DB7E4E5A21784E61009658B3 /* LayoutAnchors.swift */,
				DB7E4E5B21784E61009658B3 /* CGSizeExtension.swift */,
				DB7E4E5C21784E61009658B3 /* LayoutProperty.swift */,
				DB7E4E5D21784E61009658B3 /* LayoutAnchor.swift */,
				DB7E4E5E21784E61009658B3 /* ViewConvinenceMethods.swift */,
				DB7E4E5F21784E61009658B3 /* UIViewExtensions.swift */,
			);
			path = "Auto Layout Manager";
			sourceTree = "<group>";
		};
		DBBAF6AD21462F9100350247 /* Helpers */ = {
			isa = PBXGroup;
			children = (
				DBBAF6AE2146339300350247 /* DateExtensions.swift */,
			);
			path = Helpers;
			sourceTree = "<group>";
		};
		DBBAF6B02146373000350247 /* Chat Module */ = {
			isa = PBXGroup;
			children = (
				DBC78FA8213EF77D00FA1D54 /* Protocols */,
				DB21033421381DF7009939F4 /* Models */,
				DB21033721381E3E009939F4 /* ViewModels */,
				DB21033621381E34009939F4 /* Views */,
				DB21033821381E46009939F4 /* Controllers */,
				DBBAF6AD21462F9100350247 /* Helpers */,
			);
			path = "Chat Module";
			sourceTree = "<group>";
		};
		DBC78FA8213EF77D00FA1D54 /* Protocols */ = {
			isa = PBXGroup;
			children = (
				DBC78FA9213EF7D100FA1D54 /* InputAccessoryViewDelegate.swift */,
			);
			path = Protocols;
			sourceTree = "<group>";
		};
		DBC78FC4214197DB00FA1D54 /* Theme Manager */ = {
			isa = PBXGroup;
			children = (
				DBC78FC9214199F800FA1D54 /* Themes.swift */,
				DBC78FC5214197FB00FA1D54 /* ThemeManager.swift */,
				DBC78FC72141984B00FA1D54 /* UIColorExtension.swift */,
			);
			path = "Theme Manager";
			sourceTree = "<group>";
		};
/* End PBXGroup section */

/* Begin PBXNativeTarget section */
		DB21031321381C83009939F4 /* ChatTemplate */ = {
			isa = PBXNativeTarget;
			buildConfigurationList = DB21032621381C89009939F4 /* Build configuration list for PBXNativeTarget "ChatTemplate" */;
			buildPhases = (
				DB21031021381C83009939F4 /* Sources */,
				DB21031121381C83009939F4 /* Frameworks */,
				DB21031221381C83009939F4 /* Resources */,
			);
			buildRules = (
			);
			dependencies = (
			);
			name = ChatTemplate;
			productName = ChatTemplate;
			productReference = DB21031421381C83009939F4 /* ChatTemplate.app */;
			productType = "com.apple.product-type.application";
		};
/* End PBXNativeTarget section */

/* Begin PBXProject section */
		DB21030C21381C83009939F4 /* Project object */ = {
			isa = PBXProject;
			attributes = {
				LastSwiftUpdateCheck = 1000;
				LastUpgradeCheck = 1000;
				ORGANIZATIONNAME = "Bibin Jacob Pulickal";
				TargetAttributes = {
					DB21031321381C83009939F4 = {
						CreatedOnToolsVersion = 10.0;
					};
				};
			};
			buildConfigurationList = DB21030F21381C83009939F4 /* Build configuration list for PBXProject "ChatTemplate" */;
			compatibilityVersion = "Xcode 9.3";
			developmentRegion = en;
			hasScannedForEncodings = 0;
			knownRegions = (
				en,
				Base,
			);
			mainGroup = DB21030B21381C83009939F4;
			productRefGroup = DB21031521381C83009939F4 /* Products */;
			projectDirPath = "";
			projectRoot = "";
			targets = (
				DB21031321381C83009939F4 /* ChatTemplate */,
			);
		};
/* End PBXProject section */

/* Begin PBXResourcesBuildPhase section */
		DB21031221381C83009939F4 /* Resources */ = {
			isa = PBXResourcesBuildPhase;
			buildActionMask = 2147483647;
			files = (
				DB21031F21381C89009939F4 /* Assets.xcassets in Resources */,
			);
			runOnlyForDeploymentPostprocessing = 0;
		};
/* End PBXResourcesBuildPhase section */

/* Begin PBXSourcesBuildPhase section */
		DB21031021381C83009939F4 /* Sources */ = {
			isa = PBXSourcesBuildPhase;
			buildActionMask = 2147483647;
			files = (
				DBC78FC6214197FB00FA1D54 /* ThemeManager.swift in Sources */,
				DBF82213215E557C0019392F /* SplitViewController.swift in Sources */,
				DB7E4E6221784E61009658B3 /* CGSizeExtension.swift in Sources */,
				DB7E4E50217720AF009658B3 /* CodableExtensions.swift in Sources */,
				DB7E4E52217720AF009658B3 /* UIImageExtensions.swift in Sources */,
				DB7E4E6521784E61009658B3 /* ViewConvinenceMethods.swift in Sources */,
				DBC78FAA213EF7D100FA1D54 /* InputAccessoryViewDelegate.swift in Sources */,
				DB7E4E6421784E61009658B3 /* LayoutAnchor.swift in Sources */,
				DB7E4E56217720AF009658B3 /* APIResponseDecodable.swift in Sources */,
				DB7E4E49217720AF009658B3 /* HTTPResponse.swift in Sources */,
				DB7E4E4B217720AF009658B3 /* NetworkLoggable.swift in Sources */,
				DB7E4E4A217720AF009658B3 /* HTTPError.swift in Sources */,
				DB7E4E4C217720AF009658B3 /* NetworkProtocols.swift in Sources */,
				DB21033E21381E5C009939F4 /* ChatLogController.swift in Sources */,
				DB21035421381EA5009939F4 /* UserCell.swift in Sources */,
				DB7E4E4E217720AF009658B3 /* NetworkComputable.swift in Sources */,
				DBC78FCA214199F800FA1D54 /* Themes.swift in Sources */,
				DB7E4E51217720AF009658B3 /* URLExtensions.swift in Sources */,
				DB21034E21381E98009939F4 /* UserViewModel.swift in Sources */,
				DB21035621381EA5009939F4 /* InputAccessoryView.swift in Sources */,
				DBC78FC82141984B00FA1D54 /* UIColorExtension.swift in Sources */,
				DB7E4E4F217720AF009658B3 /* NetworkEnvironments.swift in Sources */,
				DB7E4E57217720AF009658B3 /* APIProtocols.swift in Sources */,
				DB21034D21381E98009939F4 /* MessageViewModel.swift in Sources */,
				DB7E4E48217720AF009658B3 /* HTTPMethod.swift in Sources */,
				DB7E4E6021784E61009658B3 /* UIEdgeInsetsExtension.swift in Sources */,
				DB7E4E6621784E61009658B3 /* UIViewExtensions.swift in Sources */,
				DB21035321381EA5009939F4 /* MessageCell.swift in Sources */,
				DB21031821381C83009939F4 /* AppDelegate.swift in Sources */,
				DB7E4E54217720AF009658B3 /* APIURLComputable.swift in Sources */,
				DB21034821381E77009939F4 /* RandomModel.swift in Sources */,
				DB7E4E6121784E61009658B3 /* LayoutAnchors.swift in Sources */,
				DB21035521381EA5009939F4 /* NavigationBarView.swift in Sources */,
				DB7E4E4D217720AF009658B3 /* Network.swift in Sources */,
				DB21033D21381E5C009939F4 /* MessagesController.swift in Sources */,
				DB7E4E6321784E61009658B3 /* LayoutProperty.swift in Sources */,
				DBC78FA7213E6B0200FA1D54 /* ChatLogHeaderView.swift in Sources */,
				DBBAF6AF2146339300350247 /* DateExtensions.swift in Sources */,
				DB7E4E53217720AF009658B3 /* APIURLRequestComputable.swift in Sources */,
				DB7E4E55217720AF009658B3 /* API.swift in Sources */,
			);
			runOnlyForDeploymentPostprocessing = 0;
		};
/* End PBXSourcesBuildPhase section */

/* Begin XCBuildConfiguration section */
		DB21032421381C89009939F4 /* Debug */ = {
			isa = XCBuildConfiguration;
			buildSettings = {
				ALWAYS_SEARCH_USER_PATHS = NO;
				CLANG_ANALYZER_NONNULL = YES;
				CLANG_ANALYZER_NUMBER_OBJECT_CONVERSION = YES_AGGRESSIVE;
				CLANG_CXX_LANGUAGE_STANDARD = "gnu++14";
				CLANG_CXX_LIBRARY = "libc++";
				CLANG_ENABLE_MODULES = YES;
				CLANG_ENABLE_OBJC_ARC = YES;
				CLANG_ENABLE_OBJC_WEAK = YES;
				CLANG_WARN_BLOCK_CAPTURE_AUTORELEASING = YES;
				CLANG_WARN_BOOL_CONVERSION = YES;
				CLANG_WARN_COMMA = YES;
				CLANG_WARN_CONSTANT_CONVERSION = YES;
				CLANG_WARN_DEPRECATED_OBJC_IMPLEMENTATIONS = YES;
				CLANG_WARN_DIRECT_OBJC_ISA_USAGE = YES_ERROR;
				CLANG_WARN_DOCUMENTATION_COMMENTS = YES;
				CLANG_WARN_EMPTY_BODY = YES;
				CLANG_WARN_ENUM_CONVERSION = YES;
				CLANG_WARN_INFINITE_RECURSION = YES;
				CLANG_WARN_INT_CONVERSION = YES;
				CLANG_WARN_NON_LITERAL_NULL_CONVERSION = YES;
				CLANG_WARN_OBJC_IMPLICIT_RETAIN_SELF = YES;
				CLANG_WARN_OBJC_LITERAL_CONVERSION = YES;
				CLANG_WARN_OBJC_ROOT_CLASS = YES_ERROR;
				CLANG_WARN_RANGE_LOOP_ANALYSIS = YES;
				CLANG_WARN_STRICT_PROTOTYPES = YES;
				CLANG_WARN_SUSPICIOUS_MOVE = YES;
				CLANG_WARN_UNGUARDED_AVAILABILITY = YES_AGGRESSIVE;
				CLANG_WARN_UNREACHABLE_CODE = YES;
				CLANG_WARN__DUPLICATE_METHOD_MATCH = YES;
				CODE_SIGN_IDENTITY = "iPhone Developer";
				COPY_PHASE_STRIP = NO;
				DEBUG_INFORMATION_FORMAT = dwarf;
				ENABLE_STRICT_OBJC_MSGSEND = YES;
				ENABLE_TESTABILITY = YES;
				GCC_C_LANGUAGE_STANDARD = gnu11;
				GCC_DYNAMIC_NO_PIC = NO;
				GCC_NO_COMMON_BLOCKS = YES;
				GCC_OPTIMIZATION_LEVEL = 0;
				GCC_PREPROCESSOR_DEFINITIONS = (
					"DEBUG=1",
					"$(inherited)",
				);
				GCC_WARN_64_TO_32_BIT_CONVERSION = YES;
				GCC_WARN_ABOUT_RETURN_TYPE = YES_ERROR;
				GCC_WARN_UNDECLARED_SELECTOR = YES;
				GCC_WARN_UNINITIALIZED_AUTOS = YES_AGGRESSIVE;
				GCC_WARN_UNUSED_FUNCTION = YES;
				GCC_WARN_UNUSED_VARIABLE = YES;
				IPHONEOS_DEPLOYMENT_TARGET = 12.0;
				MTL_ENABLE_DEBUG_INFO = INCLUDE_SOURCE;
				MTL_FAST_MATH = YES;
				ONLY_ACTIVE_ARCH = YES;
				SDKROOT = iphoneos;
				SWIFT_ACTIVE_COMPILATION_CONDITIONS = DEBUG;
				SWIFT_OPTIMIZATION_LEVEL = "-Onone";
			};
			name = Debug;
		};
		DB21032521381C89009939F4 /* Release */ = {
			isa = XCBuildConfiguration;
			buildSettings = {
				ALWAYS_SEARCH_USER_PATHS = NO;
				CLANG_ANALYZER_NONNULL = YES;
				CLANG_ANALYZER_NUMBER_OBJECT_CONVERSION = YES_AGGRESSIVE;
				CLANG_CXX_LANGUAGE_STANDARD = "gnu++14";
				CLANG_CXX_LIBRARY = "libc++";
				CLANG_ENABLE_MODULES = YES;
				CLANG_ENABLE_OBJC_ARC = YES;
				CLANG_ENABLE_OBJC_WEAK = YES;
				CLANG_WARN_BLOCK_CAPTURE_AUTORELEASING = YES;
				CLANG_WARN_BOOL_CONVERSION = YES;
				CLANG_WARN_COMMA = YES;
				CLANG_WARN_CONSTANT_CONVERSION = YES;
				CLANG_WARN_DEPRECATED_OBJC_IMPLEMENTATIONS = YES;
				CLANG_WARN_DIRECT_OBJC_ISA_USAGE = YES_ERROR;
				CLANG_WARN_DOCUMENTATION_COMMENTS = YES;
				CLANG_WARN_EMPTY_BODY = YES;
				CLANG_WARN_ENUM_CONVERSION = YES;
				CLANG_WARN_INFINITE_RECURSION = YES;
				CLANG_WARN_INT_CONVERSION = YES;
				CLANG_WARN_NON_LITERAL_NULL_CONVERSION = YES;
				CLANG_WARN_OBJC_IMPLICIT_RETAIN_SELF = YES;
				CLANG_WARN_OBJC_LITERAL_CONVERSION = YES;
				CLANG_WARN_OBJC_ROOT_CLASS = YES_ERROR;
				CLANG_WARN_RANGE_LOOP_ANALYSIS = YES;
				CLANG_WARN_STRICT_PROTOTYPES = YES;
				CLANG_WARN_SUSPICIOUS_MOVE = YES;
				CLANG_WARN_UNGUARDED_AVAILABILITY = YES_AGGRESSIVE;
				CLANG_WARN_UNREACHABLE_CODE = YES;
				CLANG_WARN__DUPLICATE_METHOD_MATCH = YES;
				CODE_SIGN_IDENTITY = "iPhone Developer";
				COPY_PHASE_STRIP = NO;
				DEBUG_INFORMATION_FORMAT = "dwarf-with-dsym";
				ENABLE_NS_ASSERTIONS = NO;
				ENABLE_STRICT_OBJC_MSGSEND = YES;
				GCC_C_LANGUAGE_STANDARD = gnu11;
				GCC_NO_COMMON_BLOCKS = YES;
				GCC_WARN_64_TO_32_BIT_CONVERSION = YES;
				GCC_WARN_ABOUT_RETURN_TYPE = YES_ERROR;
				GCC_WARN_UNDECLARED_SELECTOR = YES;
				GCC_WARN_UNINITIALIZED_AUTOS = YES_AGGRESSIVE;
				GCC_WARN_UNUSED_FUNCTION = YES;
				GCC_WARN_UNUSED_VARIABLE = YES;
				IPHONEOS_DEPLOYMENT_TARGET = 12.0;
				MTL_ENABLE_DEBUG_INFO = NO;
				MTL_FAST_MATH = YES;
				SDKROOT = iphoneos;
				SWIFT_COMPILATION_MODE = wholemodule;
				SWIFT_OPTIMIZATION_LEVEL = "-O";
				VALIDATE_PRODUCT = YES;
			};
			name = Release;
		};
		DB21032721381C89009939F4 /* Debug */ = {
			isa = XCBuildConfiguration;
			buildSettings = {
				ASSETCATALOG_COMPILER_APPICON_NAME = AppIcon;
				CODE_SIGN_STYLE = Automatic;
				DEVELOPMENT_TEAM = 32BS4266DT;
				INFOPLIST_FILE = "$(SRCROOT)/ChatTemplate/Supporting FIles/Info.plist";
				LD_RUNPATH_SEARCH_PATHS = (
					"$(inherited)",
					"@executable_path/Frameworks",
				);
				PRODUCT_BUNDLE_IDENTIFIER = com.bibinjacobpulickal.ChatTemplate;
				PRODUCT_NAME = "$(TARGET_NAME)";
				SWIFT_VERSION = 4.2;
				TARGETED_DEVICE_FAMILY = "1,2";
			};
			name = Debug;
		};
		DB21032821381C89009939F4 /* Release */ = {
			isa = XCBuildConfiguration;
			buildSettings = {
				ASSETCATALOG_COMPILER_APPICON_NAME = AppIcon;
				CODE_SIGN_STYLE = Automatic;
				DEVELOPMENT_TEAM = 32BS4266DT;
				INFOPLIST_FILE = "$(SRCROOT)/ChatTemplate/Supporting FIles/Info.plist";
				LD_RUNPATH_SEARCH_PATHS = (
					"$(inherited)",
					"@executable_path/Frameworks",
				);
				PRODUCT_BUNDLE_IDENTIFIER = com.bibinjacobpulickal.ChatTemplate;
				PRODUCT_NAME = "$(TARGET_NAME)";
				SWIFT_VERSION = 4.2;
				TARGETED_DEVICE_FAMILY = "1,2";
			};
			name = Release;
		};
/* End XCBuildConfiguration section */

/* Begin XCConfigurationList section */
		DB21030F21381C83009939F4 /* Build configuration list for PBXProject "ChatTemplate" */ = {
			isa = XCConfigurationList;
			buildConfigurations = (
				DB21032421381C89009939F4 /* Debug */,
				DB21032521381C89009939F4 /* Release */,
			);
			defaultConfigurationIsVisible = 0;
			defaultConfigurationName = Release;
		};
		DB21032621381C89009939F4 /* Build configuration list for PBXNativeTarget "ChatTemplate" */ = {
			isa = XCConfigurationList;
			buildConfigurations = (
				DB21032721381C89009939F4 /* Debug */,
				DB21032821381C89009939F4 /* Release */,
			);
			defaultConfigurationIsVisible = 0;
			defaultConfigurationName = Release;
		};
/* End XCConfigurationList section */
	};
	rootObject = DB21030C21381C83009939F4 /* Project object */;
}
